lockfileVersion: '9.0'

settings:
  autoInstallPeers: true
  excludeLinksFromLockfile: false

importers:

  .:
    devDependencies:
      cz-git:
        specifier: ^1.12.0
        version: 1.12.0
      czg:
        specifier: ^1.12.0
        version: 1.12.0
      prettier:
        specifier: ^3.6.2
        version: 3.6.2

packages:

  cz-git@1.12.0:
    resolution: {integrity: sha512-LaZ+8whPPUOo6Y0Zy4nIbf6JOleV3ejp41sT6N4RPKiKKA+ICWf4ueeIlxIO8b6JtdlDxRzHH/EcRji07nDxcg==}
    engines: {node: '>=v12.20.0'}

  czg@1.12.0:
    resolution: {integrity: sha512-LGltcoZ5m7vhe3WNw16QXqd5WurnHegx9V15MwZJtFAU2AVCYLCqDbwxPUgZOnAcdzzooq33ONcU148HOQsjdA==}
    engines: {node: '>=v12.20.0'}
    hasBin: true

  prettier@3.6.2:
    resolution: {integrity: sha512-I7AIg5boAr5R0FFtJ6rCfD+LFsWHp81dolrFD8S79U9tb8Az2nGrJncnMSnys+bpQJfRUzqs9hnA81OAA3hCuQ==}
    engines: {node: '>=14'}
    hasBin: true

snapshots:

  cz-git@1.12.0: {}

  czg@1.12.0: {}

  prettier@3.6.2: {}
